// !$*UTF8*$!
{
	archiveVersion = 1;
	classes = {
	};
	objectVersion = 77;
	objects = {

/* Begin PBXContainerItemProxy section */
		8A04C1622E851FA9006C0A4B /* PBXContainerItemProxy */ = {
			isa = PBXContainerItemProxy;
			containerPortal = 8A04C14C2E851FA8006C0A4B /* Project object */;
			proxyType = 1;
			remoteGlobalIDString = 8A04C1532E851FA8006C0A4B;
			remoteInfo = "Team 15";
		};
		8A04C16C2E851FA9006C0A4B /* PBXContainerItemProxy */ = {
			isa = PBXContainerItemProxy;
			containerPortal = 8A04C14C2E851FA8006C0A4B /* Project object */;
			proxyType = 1;
			remoteGlobalIDString = 8A04C1532E851FA8006C0A4B;
			remoteInfo = "Team 15";
		};
/* End PBXContainerItemProxy section */

/* Begin PBXFileReference section */
		8A04C1542E851FA8006C0A4B /* Team 15.app */ = {isa = PBXFileReference; explicitFileType = wrapper.application; includeInIndex = 0; path = "Team 15.app"; sourceTree = BUILT_PRODUCTS_DIR; };
		8A04C1612E851FA9006C0A4B /* Team 15Tests.xctest */ = {isa = PBXFileReference; explicitFileType = wrapper.cfbundle; includeInIndex = 0; path = "Team 15Tests.xctest"; sourceTree = BUILT_PRODUCTS_DIR; };
		8A04C16B2E851FA9006C0A4B /* Team 15UITests.xctest */ = {isa = PBXFileReference; explicitFileType = wrapper.cfbundle; includeInIndex = 0; path = "Team 15UITests.xctest"; sourceTree = BUILT_PRODUCTS_DIR; };
/* End PBXFileReference section */

/* Begin PBXFileSystemSynchronizedRootGroup section */
		8A04C1562E851FA8006C0A4B /* Team 15 */ = {
			isa = PBXFileSystemSynchronizedRootGroup;
			path = "Team 15";
			sourceTree = "<group>";
		};
		8A04C1642E851FA9006C0A4B /* Team 15Tests */ = {
			isa = PBXFileSystemSynchronizedRootGroup;
			path = "Team 15Tests";
			sourceTree = "<group>";
		};
		8A04C16E2E851FA9006C0A4B /* Team 15UITests */ = {
			isa = PBXFileSystemSynchronizedRootGroup;
			path = "Team 15UITests";
			sourceTree = "<group>";
		};
/* End PBXFileSystemSynchronizedRootGroup section */

/* Begin PBXFrameworksBuildPhase section */
		8A04C1512E851FA8006C0A4B /* Frameworks */ = {
			isa = PBXFrameworksBuildPhase;
			buildActionMask = 2147483647;
			files = (
			);
			runOnlyForDeploymentPostprocessing = 0;
		};
		8A04C15E2E851FA9006C0A4B /* Frameworks */ = {
			isa = PBXFrameworksBuildPhase;
			buildActionMask = 2147483647;
			files = (
			);
			runOnlyForDeploymentPostprocessing = 0;
		};
		8A04C1682E851FA9006C0A4B /* Frameworks */ = {
			isa = PBXFrameworksBuildPhase;
			buildActionMask = 2147483647;
			files = (
			);
			runOnlyForDeploymentPostprocessing = 0;
		};
/* End PBXFrameworksBuildPhase section */

/* Begin PBXGroup section */
		8A04C14B2E851FA8006C0A4B = {
			isa = PBXGroup;
			children = (
				8A04C1562E851FA8006C0A4B /* Team 15 */,
				8A04C1642E851FA9006C0A4B /* Team 15Tests */,
				8A04C16E2E851FA9006C0A4B /* Team 15UITests */,
				8A04C1552E851FA8006C0A4B /* Products */,
			);
			sourceTree = "<group>";
		};
		8A04C1552E851FA8006C0A4B /* Products */ = {
			isa = PBXGroup;
			children = (
				8A04C1542E851FA8006C0A4B /* Team 15.app */,
				8A04C1612E851FA9006C0A4B /* Team 15Tests.xctest */,
				8A04C16B2E851FA9006C0A4B /* Team 15UITests.xctest */,
			);
			name = Products;
			sourceTree = "<group>";
		};
/* End PBXGroup section */

/* Begin PBXNativeTarget section */
		8A04C1532E851FA8006C0A4B /* Team 15 */ = {
			isa = PBXNativeTarget;
			buildConfigurationList = 8A04C1752E851FA9006C0A4B /* Build configuration list for PBXNativeTarget "Team 15" */;
			buildPhases = (
				8A04C1502E851FA8006C0A4B /* Sources */,
				8A04C1512E851FA8006C0A4B /* Frameworks */,
				8A04C1522E851FA8006C0A4B /* Resources */,
			);
			buildRules = (
			);
			dependencies = (
			);
			fileSystemSynchronizedGroups = (
				8A04C1562E851FA8006C0A4B /* Team 15 */,
			);
			name = "Team 15";
			packageProductDependencies = (
			);
			productName = "Team 15";
			productReference = 8A04C1542E851FA8006C0A4B /* Team 15.app */;
			productType = "com.apple.product-type.application";
		};
		8A04C1602E851FA9006C0A4B /* Team 15Tests */ = {
			isa = PBXNativeTarget;
			buildConfigurationList = 8A04C1782E851FA9006C0A4B /* Build configuration list for PBXNativeTarget "Team 15Tests" */;
			buildPhases = (
				8A04C15D2E851FA9006C0A4B /* Sources */,
				8A04C15E2E851FA9006C0A4B /* Frameworks */,
				8A04C15F2E851FA9006C0A4B /* Resources */,
			);
			buildRules = (
			);
			dependencies = (
				8A04C1632E851FA9006C0A4B /* PBXTargetDependency */,
			);
			fileSystemSynchronizedGroups = (
				8A04C1642E851FA9006C0A4B /* Team 15Tests */,
			);
			name = "Team 15Tests";
			packageProductDependencies = (
			);
			productName = "Team 15Tests";
			productReference = 8A04C1612E851FA9006C0A4B /* Team 15Tests.xctest */;
			productType = "com.apple.product-type.bundle.unit-test";
		};
		8A04C16A2E851FA9006C0A4B /* Team 15UITests */ = {
			isa = PBXNativeTarget;
			buildConfigurationList = 8A04C17B2E851FA9006C0A4B /* Build configuration list for PBXNativeTarget "Team 15UITests" */;
			buildPhases = (
				8A04C1672E851FA9006C0A4B /* Sources */,
				8A04C1682E851FA9006C0A4B /* Frameworks */,
				8A04C1692E851FA9006C0A4B /* Resources */,
			);
			buildRules = (
			);
			dependencies = (
				8A04C16D2E851FA9006C0A4B /* PBXTargetDependency */,
			);
			fileSystemSynchronizedGroups = (
				8A04C16E2E851FA9006C0A4B /* Team 15UITests */,
			);
			name = "Team 15UITests";
			packageProductDependencies = (
			);
			productName = "Team 15UITests";
			productReference = 8A04C16B2E851FA9006C0A4B /* Team 15UITests.xctest */;
			productType = "com.apple.product-type.bundle.ui-testing";
		};
/* End PBXNativeTarget section */

/* Begin PBXProject section */
		8A04C14C2E851FA8006C0A4B /* Project object */ = {
			isa = PBXProject;
			attributes = {
				BuildIndependentTargetsInParallel = 1;
				LastSwiftUpdateCheck = 1640;
				LastUpgradeCheck = 1640;
				TargetAttributes = {
					8A04C1532E851FA8006C0A4B = {
						CreatedOnToolsVersion = 16.4;
					};
					8A04C1602E851FA9006C0A4B = {
						CreatedOnToolsVersion = 16.4;
						TestTargetID = 8A04C1532E851FA8006C0A4B;
					};
					8A04C16A2E851FA9006C0A4B = {
						CreatedOnToolsVersion = 16.4;
						TestTargetID = 8A04C1532E851FA8006C0A4B;
					};
				};
			};
			buildConfigurationList = 8A04C14F2E851FA8006C0A4B /* Build configuration list for PBXProject "Team 15" */;
			developmentRegion = en;
			hasScannedForEncodings = 0;
			knownRegions = (
				en,
				Base,
			);
			mainGroup = 8A04C14B2E851FA8006C0A4B;
			minimizedProjectReferenceProxies = 1;
			preferredProjectObjectVersion = 77;
			productRefGroup = 8A04C1552E851FA8006C0A4B /* Products */;
			projectDirPath = "";
			projectRoot = "";
			targets = (
				8A04C1532E851FA8006C0A4B /* Team 15 */,
				8A04C1602E851FA9006C0A4B /* Team 15Tests */,
				8A04C16A2E851FA9006C0A4B /* Team 15UITests */,
			);
		};
/* End PBXProject section */

/* Begin PBXResourcesBuildPhase section */
		8A04C1522E851FA8006C0A4B /* Resources */ = {
			isa = PBXResourcesBuildPhase;
			buildActionMask = 2147483647;
			files = (
			);
			runOnlyForDeploymentPostprocessing = 0;
		};
		8A04C15F2E851FA9006C0A4B /* Resources */ = {
			isa = PBXResourcesBuildPhase;
			buildActionMask = 2147483647;
			files = (
			);
			runOnlyForDeploymentPostprocessing = 0;
		};
		8A04C1692E851FA9006C0A4B /* Resources */ = {
			isa = PBXResourcesBuildPhase;
			buildActionMask = 2147483647;
			files = (
			);
			runOnlyForDeploymentPostprocessing = 0;
		};
/* End PBXResourcesBuildPhase section */

/* Begin PBXSourcesBuildPhase section */
		8A04C1502E851FA8006C0A4B /* Sources */ = {
			isa = PBXSourcesBuildPhase;
			buildActionMask = 2147483647;
			files = (
			);
			runOnlyForDeploymentPostprocessing = 0;
		};
		8A04C15D2E851FA9006C0A4B /* Sources */ = {
			isa = PBXSourcesBuildPhase;
			buildActionMask = 2147483647;
			files = (
			);
			runOnlyForDeploymentPostprocessing = 0;
		};
		8A04C1672E851FA9006C0A4B /* Sources */ = {
			isa = PBXSourcesBuildPhase;
			buildActionMask = 2147483647;
			files = (
			);
			runOnlyForDeploymentPostprocessing = 0;
		};
/* End PBXSourcesBuildPhase section */

/* Begin PBXTargetDependency section */
		8A04C1632E851FA9006C0A4B /* PBXTargetDependency */ = {
			isa = PBXTargetDependency;
			target = 8A04C1532E851FA8006C0A4B /* Team 15 */;
			targetProxy = 8A04C1622E851FA9006C0A4B /* PBXContainerItemProxy */;
		};
		8A04C16D2E851FA9006C0A4B /* PBXTargetDependency */ = {
			isa = PBXTargetDependency;
			target = 8A04C1532E851FA8006C0A4B /* Team 15 */;
			targetProxy = 8A04C16C2E851FA9006C0A4B /* PBXContainerItemProxy */;
		};
/* End PBXTargetDependency section */

/* Begin XCBuildConfiguration section */
		8A04C1732E851FA9006C0A4B /* Debug */ = {
			isa = XCBuildConfiguration;
			buildSettings = {
				ALWAYS_SEARCH_USER_PATHS = NO;
				ASSETCATALOG_COMPILER_GENERATE_SWIFT_ASSET_SYMBOL_EXTENSIONS = YES;
				CLANG_ANALYZER_NONNULL = YES;
				CLANG_ANALYZER_NUMBER_OBJECT_CONVERSION = YES_AGGRESSIVE;
				CLANG_CXX_LANGUAGE_STANDARD = "gnu++20";
				CLANG_ENABLE_MODULES = YES;
				CLANG_ENABLE_OBJC_ARC = YES;
				CLANG_ENABLE_OBJC_WEAK = YES;
				CLANG_WARN_BLOCK_CAPTURE_AUTORELEASING = YES;
				CLANG_WARN_BOOL_CONVERSION = YES;
				CLANG_WARN_COMMA = YES;
				CLANG_WARN_CONSTANT_CONVERSION = YES;
				CLANG_WARN_DEPRECATED_OBJC_IMPLEMENTATIONS = YES;
				CLANG_WARN_DIRECT_OBJC_ISA_USAGE = YES_ERROR;
				CLANG_WARN_DOCUMENTATION_COMMENTS = YES;
				CLANG_WARN_EMPTY_BODY = YES;
				CLANG_WARN_ENUM_CONVERSION = YES;
				CLANG_WARN_INFINITE_RECURSION = YES;
				CLANG_WARN_INT_CONVERSION = YES;
				CLANG_WARN_NON_LITERAL_NULL_CONVERSION = YES;
				CLANG_WARN_OBJC_IMPLICIT_RETAIN_SELF = YES;
				CLANG_WARN_OBJC_LITERAL_CONVERSION = YES;
				CLANG_WARN_OBJC_ROOT_CLASS = YES_ERROR;
				CLANG_WARN_QUOTED_INCLUDE_IN_FRAMEWORK_HEADER = YES;
				CLANG_WARN_RANGE_LOOP_ANALYSIS = YES;
				CLANG_WARN_STRICT_PROTOTYPES = YES;
				CLANG_WARN_SUSPICIOUS_MOVE = YES;
				CLANG_WARN_UNGUARDED_AVAILABILITY = YES_AGGRESSIVE;
				CLANG_WARN_UNREACHABLE_CODE = YES;
				CLANG_WARN__DUPLICATE_METHOD_MATCH = YES;
				COPY_PHASE_STRIP = NO;
				DEBUG_INFORMATION_FORMAT = dwarf;
				ENABLE_STRICT_OBJC_MSGSEND = YES;
				ENABLE_TESTABILITY = YES;
				ENABLE_USER_SCRIPT_SANDBOXING = YES;
				GCC_C_LANGUAGE_STANDARD = gnu17;
				GCC_DYNAMIC_NO_PIC = NO;
				GCC_NO_COMMON_BLOCKS = YES;
				GCC_OPTIMIZATION_LEVEL = 0;
				GCC_PREPROCESSOR_DEFINITIONS = (
					"DEBUG=1",
					"$(inherited)",
				);
				GCC_WARN_64_TO_32_BIT_CONVERSION = YES;
				GCC_WARN_ABOUT_RETURN_TYPE = YES_ERROR;
				GCC_WARN_UNDECLARED_SELECTOR = YES;
				GCC_WARN_UNINITIALIZED_AUTOS = YES_AGGRESSIVE;
				GCC_WARN_UNUSED_FUNCTION = YES;
				GCC_WARN_UNUSED_VARIABLE = YES;
				IPHONEOS_DEPLOYMENT_TARGET = 18.5;
				LOCALIZATION_PREFERS_STRING_CATALOGS = YES;
				MTL_ENABLE_DEBUG_INFO = INCLUDE_SOURCE;
				MTL_FAST_MATH = YES;
				ONLY_ACTIVE_ARCH = YES;
				SDKROOT = iphoneos;
				SWIFT_ACTIVE_COMPILATION_CONDITIONS = "DEBUG $(inherited)";
				SWIFT_OPTIMIZATION_LEVEL = "-Onone";
			};
			name = Debug;
		};
		8A04C1742E851FA9006C0A4B /* Release */ = {
			isa = XCBuildConfiguration;
			buildSettings = {
				ALWAYS_SEARCH_USER_PATHS = NO;
				ASSETCATALOG_COMPILER_GENERATE_SWIFT_ASSET_SYMBOL_EXTENSIONS = YES;
				CLANG_ANALYZER_NONNULL = YES;
				CLANG_ANALYZER_NUMBER_OBJECT_CONVERSION = YES_AGGRESSIVE;
				CLANG_CXX_LANGUAGE_STANDARD = "gnu++20";
				CLANG_ENABLE_MODULES = YES;
				CLANG_ENABLE_OBJC_ARC = YES;
				CLANG_ENABLE_OBJC_WEAK = YES;
				CLANG_WARN_BLOCK_CAPTURE_AUTORELEASING = YES;
				CLANG_WARN_BOOL_CONVERSION = YES;
				CLANG_WARN_COMMA = YES;
				CLANG_WARN_CONSTANT_CONVERSION = YES;
				CLANG_WARN_DEPRECATED_OBJC_IMPLEMENTATIONS = YES;
				CLANG_WARN_DIRECT_OBJC_ISA_USAGE = YES_ERROR;
				CLANG_WARN_DOCUMENTATION_COMMENTS = YES;
				CLANG_WARN_EMPTY_BODY = YES;
				CLANG_WARN_ENUM_CONVERSION = YES;
				CLANG_WARN_INFINITE_RECURSION = YES;
				CLANG_WARN_INT_CONVERSION = YES;
				CLANG_WARN_NON_LITERAL_NULL_CONVERSION = YES;
				CLANG_WARN_OBJC_IMPLICIT_RETAIN_SELF = YES;
				CLANG_WARN_OBJC_LITERAL_CONVERSION = YES;
				CLANG_WARN_OBJC_ROOT_CLASS = YES_ERROR;
				CLANG_WARN_QUOTED_INCLUDE_IN_FRAMEWORK_HEADER = YES;
				CLANG_WARN_RANGE_LOOP_ANALYSIS = YES;
				CLANG_WARN_STRICT_PROTOTYPES = YES;
				CLANG_WARN_SUSPICIOUS_MOVE = YES;
				CLANG_WARN_UNGUARDED_AVAILABILITY = YES_AGGRESSIVE;
				CLANG_WARN_UNREACHABLE_CODE = YES;
				CLANG_WARN__DUPLICATE_METHOD_MATCH = YES;
				COPY_PHASE_STRIP = NO;
				DEBUG_INFORMATION_FORMAT = "dwarf-with-dsym";
				ENABLE_NS_ASSERTIONS = NO;
				ENABLE_STRICT_OBJC_MSGSEND = YES;
				ENABLE_USER_SCRIPT_SANDBOXING = YES;
				GCC_C_LANGUAGE_STANDARD = gnu17;
				GCC_NO_COMMON_BLOCKS = YES;
				GCC_WARN_64_TO_32_BIT_CONVERSION = YES;
				GCC_WARN_ABOUT_RETURN_TYPE = YES_ERROR;
				GCC_WARN_UNDECLARED_SELECTOR = YES;
				GCC_WARN_UNINITIALIZED_AUTOS = YES_AGGRESSIVE;
				GCC_WARN_UNUSED_FUNCTION = YES;
				GCC_WARN_UNUSED_VARIABLE = YES;
				IPHONEOS_DEPLOYMENT_TARGET = 18.5;
				LOCALIZATION_PREFERS_STRING_CATALOGS = YES;
				MTL_ENABLE_DEBUG_INFO = NO;
				MTL_FAST_MATH = YES;
				SDKROOT = iphoneos;
				SWIFT_COMPILATION_MODE = wholemodule;
				VALIDATE_PRODUCT = YES;
			};
			name = Release;
		};
		8A04C1762E851FA9006C0A4B /* Debug */ = {
			isa = XCBuildConfiguration;
			buildSettings = {
				ASSETCATALOG_COMPILER_APPICON_NAME = AppIcon;
				ASSETCATALOG_COMPILER_GLOBAL_ACCENT_COLOR_NAME = AccentColor;
				CODE_SIGN_STYLE = Automatic;
				CURRENT_PROJECT_VERSION = 1;
				ENABLE_PREVIEWS = YES;
				GENERATE_INFOPLIST_FILE = YES;
				INFOPLIST_KEY_UIApplicationSceneManifest_Generation = YES;
				INFOPLIST_KEY_UIApplicationSupportsIndirectInputEvents = YES;
				INFOPLIST_KEY_UILaunchScreen_Generation = YES;
				INFOPLIST_KEY_UISupportedInterfaceOrientations_iPad = "UIInterfaceOrientationPortrait UIInterfaceOrientationPortraitUpsideDown UIInterfaceOrientationLandscapeLeft UIInterfaceOrientationLandscapeRight";
				INFOPLIST_KEY_UISupportedInterfaceOrientations_iPhone = "UIInterfaceOrientationPortrait UIInterfaceOrientationLandscapeLeft UIInterfaceOrientationLandscapeRight";
				LD_RUNPATH_SEARCH_PATHS = (
					"$(inherited)",
					"@executable_path/Frameworks",
				);
				MARKETING_VERSION = 1.0;
				PRODUCT_BUNDLE_IDENTIFIER = "com.shahd.Team-15";
				PRODUCT_NAME = "$(TARGET_NAME)";
				SWIFT_EMIT_LOC_STRINGS = YES;
				SWIFT_VERSION = 5.0;
				TARGETED_DEVICE_FAMILY = "1,2";
			};
			name = Debug;
		};
		8A04C1772E851FA9006C0A4B /* Release */ = {
			isa = XCBuildConfiguration;
			buildSettings = {
				ASSETCATALOG_COMPILER_APPICON_NAME = AppIcon;
				ASSETCATALOG_COMPILER_GLOBAL_ACCENT_COLOR_NAME = AccentColor;
				CODE_SIGN_STYLE = Automatic;
				CURRENT_PROJECT_VERSION = 1;
				ENABLE_PREVIEWS = YES;
				GENERATE_INFOPLIST_FILE = YES;
				INFOPLIST_KEY_UIApplicationSceneManifest_Generation = YES;
				INFOPLIST_KEY_UIApplicationSupportsIndirectInputEvents = YES;
				INFOPLIST_KEY_UILaunchScreen_Generation = YES;
				INFOPLIST_KEY_UISupportedInterfaceOrientations_iPad = "UIInterfaceOrientationPortrait UIInterfaceOrientationPortraitUpsideDown UIInterfaceOrientationLandscapeLeft UIInterfaceOrientationLandscapeRight";
				INFOPLIST_KEY_UISupportedInterfaceOrientations_iPhone = "UIInterfaceOrientationPortrait UIInterfaceOrientationLandscapeLeft UIInterfaceOrientationLandscapeRight";
				LD_RUNPATH_SEARCH_PATHS = (
					"$(inherited)",
					"@executable_path/Frameworks",
				);
				MARKETING_VERSION = 1.0;
				PRODUCT_BUNDLE_IDENTIFIER = "com.shahd.Team-15";
				PRODUCT_NAME = "$(TARGET_NAME)";
				SWIFT_EMIT_LOC_STRINGS = YES;
				SWIFT_VERSION = 5.0;
				TARGETED_DEVICE_FAMILY = "1,2";
			};
			name = Release;
		};
		8A04C1792E851FA9006C0A4B /* Debug */ = {
			isa = XCBuildConfiguration;
			buildSettings = {
				BUNDLE_LOADER = "$(TEST_HOST)";
				CODE_SIGN_STYLE = Automatic;
				CURRENT_PROJECT_VERSION = 1;
				GENERATE_INFOPLIST_FILE = YES;
				IPHONEOS_DEPLOYMENT_TARGET = 18.5;
				MARKETING_VERSION = 1.0;
				PRODUCT_BUNDLE_IDENTIFIER = "com.shahd.Team-15Tests";
				PRODUCT_NAME = "$(TARGET_NAME)";
				SWIFT_EMIT_LOC_STRINGS = NO;
				SWIFT_VERSION = 5.0;
				TARGETED_DEVICE_FAMILY = "1,2";
				TEST_HOST = "$(BUILT_PRODUCTS_DIR)/Team 15.app/$(BUNDLE_EXECUTABLE_FOLDER_PATH)/Team 15";
			};
			name = Debug;
		};
		8A04C17A2E851FA9006C0A4B /* Release */ = {
			isa = XCBuildConfiguration;
			buildSettings = {
				BUNDLE_LOADER = "$(TEST_HOST)";
				CODE_SIGN_STYLE = Automatic;
				CURRENT_PROJECT_VERSION = 1;
				GENERATE_INFOPLIST_FILE = YES;
				IPHONEOS_DEPLOYMENT_TARGET = 18.5;
				MARKETING_VERSION = 1.0;
				PRODUCT_BUNDLE_IDENTIFIER = "com.shahd.Team-15Tests";
				PRODUCT_NAME = "$(TARGET_NAME)";
				SWIFT_EMIT_LOC_STRINGS = NO;
				SWIFT_VERSION = 5.0;
				TARGETED_DEVICE_FAMILY = "1,2";
				TEST_HOST = "$(BUILT_PRODUCTS_DIR)/Team 15.app/$(BUNDLE_EXECUTABLE_FOLDER_PATH)/Team 15";
			};
			name = Release;
		};
		8A04C17C2E851FA9006C0A4B /* Debug */ = {
			isa = XCBuildConfiguration;
			buildSettings = {
				CODE_SIGN_STYLE = Automatic;
				CURRENT_PROJECT_VERSION = 1;
				GENERATE_INFOPLIST_FILE = YES;
				MARKETING_VERSION = 1.0;
				PRODUCT_BUNDLE_IDENTIFIER = "com.shahd.Team-15UITests";
				PRODUCT_NAME = "$(TARGET_NAME)";
				SWIFT_EMIT_LOC_STRINGS = NO;
				SWIFT_VERSION = 5.0;
				TARGETED_DEVICE_FAMILY = "1,2";
				TEST_TARGET_NAME = "Team 15";
			};
			name = Debug;
		};
		8A04C17D2E851FA9006C0A4B /* Release */ = {
			isa = XCBuildConfiguration;
			buildSettings = {
				CODE_SIGN_STYLE = Automatic;
				CURRENT_PROJECT_VERSION = 1;
				GENERATE_INFOPLIST_FILE = YES;
				MARKETING_VERSION = 1.0;
				PRODUCT_BUNDLE_IDENTIFIER = "com.shahd.Team-15UITests";
				PRODUCT_NAME = "$(TARGET_NAME)";
				SWIFT_EMIT_LOC_STRINGS = NO;
				SWIFT_VERSION = 5.0;
				TARGETED_DEVICE_FAMILY = "1,2";
				TEST_TARGET_NAME = "Team 15";
			};
			name = Release;
		};
/* End XCBuildConfiguration section */

/* Begin XCConfigurationList section */
		8A04C14F2E851FA8006C0A4B /* Build configuration list for PBXProject "Team 15" */ = {
			isa = XCConfigurationList;
			buildConfigurations = (
				8A04C1732E851FA9006C0A4B /* Debug */,
				8A04C1742E851FA9006C0A4B /* Release */,
			);
			defaultConfigurationIsVisible = 0;
			defaultConfigurationName = Release;
		};
		8A04C1752E851FA9006C0A4B /* Build configuration list for PBXNativeTarget "Team 15" */ = {
			isa = XCConfigurationList;
			buildConfigurations = (
				8A04C1762E851FA9006C0A4B /* Debug */,
				8A04C1772E851FA9006C0A4B /* Release */,
			);
			defaultConfigurationIsVisible = 0;
			defaultConfigurationName = Release;
		};
		8A04C1782E851FA9006C0A4B /* Build configuration list for PBXNativeTarget "Team 15Tests" */ = {
			isa = XCConfigurationList;
			buildConfigurations = (
				8A04C1792E851FA9006C0A4B /* Debug */,
				8A04C17A2E851FA9006C0A4B /* Release */,
			);
			defaultConfigurationIsVisible = 0;
			defaultConfigurationName = Release;
		};
		8A04C17B2E851FA9006C0A4B /* Build configuration list for PBXNativeTarget "Team 15UITests" */ = {
			isa = XCConfigurationList;
			buildConfigurations = (
				8A04C17C2E851FA9006C0A4B /* Debug */,
				8A04C17D2E851FA9006C0A4B /* Release */,
			);
			defaultConfigurationIsVisible = 0;
			defaultConfigurationName = Release;
		};
/* End XCConfigurationList section */
	};
	rootObject = 8A04C14C2E851FA8006C0A4B /* Project object */;
}
